
Microsoft Visual Studio Solution File, Format Version 12.00
# Visual Studio Version 17
VisualStudioVersion = 17.2.32519.379
MinimumVisualStudioVersion = 10.0.40219.1
Project("{9A19103F-16F7-4668-BE54-9A1E7A4F7556}") = "RatesProvider.Handler", "RatesProvider.Handler\RatesProvider.Handler.csproj", "{B75D132D-BDBA-4BCE-AA95-1EB68B97FBE1}"
EndProject
Project("{9A19103F-16F7-4668-BE54-9A1E7A4F7556}") = "RatesProvider.Recipient", "RatesProvider.Recipientt\RatesProvider.Recipient.csproj", "{67785BF9-B2E2-42F7-893A-0DE8237700FB}"
EndProject
Project("{9A19103F-16F7-4668-BE54-9A1E7A4F7556}") = "RatesProvider.Handler.Tests", "RatesPrioveder.Handler.Tests\RatesProvider.Handler.Tests.csproj", "{95595141-DB11-4C41-B437-AC65E2B973B5}"
EndProject
Global
	GlobalSection(SolutionConfigurationPlatforms) = preSolution
		Debug|Any CPU = Debug|Any CPU
		Release|Any CPU = Release|Any CPU
	EndGlobalSection
	GlobalSection(ProjectConfigurationPlatforms) = postSolution
		{B75D132D-BDBA-4BCE-AA95-1EB68B97FBE1}.Debug|Any CPU.ActiveCfg = Debug|Any CPU
		{B75D132D-BDBA-4BCE-AA95-1EB68B97FBE1}.Debug|Any CPU.Build.0 = Debug|Any CPU
		{B75D132D-BDBA-4BCE-AA95-1EB68B97FBE1}.Release|Any CPU.ActiveCfg = Release|Any CPU
		{B75D132D-BDBA-4BCE-AA95-1EB68B97FBE1}.Release|Any CPU.Build.0 = Release|Any CPU
		{67785BF9-B2E2-42F7-893A-0DE8237700FB}.Debug|Any CPU.ActiveCfg = Debug|Any CPU
		{67785BF9-B2E2-42F7-893A-0DE8237700FB}.Debug|Any CPU.Build.0 = Debug|Any CPU
		{67785BF9-B2E2-42F7-893A-0DE8237700FB}.Release|Any CPU.ActiveCfg = Release|Any CPU
		{67785BF9-B2E2-42F7-893A-0DE8237700FB}.Release|Any CPU.Build.0 = Release|Any CPU
		{95595141-DB11-4C41-B437-AC65E2B973B5}.Debug|Any CPU.ActiveCfg = Debug|Any CPU
		{95595141-DB11-4C41-B437-AC65E2B973B5}.Debug|Any CPU.Build.0 = Debug|Any CPU
		{95595141-DB11-4C41-B437-AC65E2B973B5}.Release|Any CPU.ActiveCfg = Release|Any CPU
		{95595141-DB11-4C41-B437-AC65E2B973B5}.Release|Any CPU.Build.0 = Release|Any CPU
	EndGlobalSection
	GlobalSection(SolutionProperties) = preSolution
		HideSolutionNode = FALSE
	EndGlobalSection
	GlobalSection(ExtensibilityGlobals) = postSolution
		SolutionGuid = {DC61D3E5-B7A9-45C4-A8AF-A5F21DAE3C66}
	EndGlobalSection
EndGlobal
